
Microsoft Visual Studio Solution File, Format Version 12.00
# Visual Studio Version 16
VisualStudioVersion = 16.0.29926.136
MinimumVisualStudioVersion = 10.0.40219.1
Project("{FAE04EC0-301F-11D3-BF4B-00C04F79EFBC}") = "CustomAircraftTemplate", "CustomAircraftTemplate\CustomAircraftTemplate.csproj", "{7BB21F11-6675-4E25-AB78-E420A6B129C2}"
EndProject
Global
	GlobalSection(SolutionConfigurationPlatforms) = preSolution
		Debug|Any CPU = Debug|Any CPU
		Release|Any CPU = Release|Any CPU
	EndGlobalSection
	GlobalSection(ProjectConfigurationPlatforms) = postSolution
		{7BB21F11-6675-4E25-AB78-E420A6B129C2}.Debug|Any CPU.ActiveCfg = Debug|Any CPU
		{7BB21F11-6675-4E25-AB78-E420A6B129C2}.Debug|Any CPU.Build.0 = Debug|Any CPU
		{7BB21F11-6675-4E25-AB78-E420A6B129C2}.Release|Any CPU.ActiveCfg = Release|Any CPU
		{7BB21F11-6675-4E25-AB78-E420A6B129C2}.Release|Any CPU.Build.0 = Release|Any CPU
	EndGlobalSection
	GlobalSection(SolutionProperties) = preSolution
		HideSolutionNode = FALSE
	EndGlobalSection
	GlobalSection(ExtensibilityGlobals) = postSolution
		SolutionGuid = {C519B528-F7E4-454C-B70A-AC9637392A23}
	EndGlobalSection
EndGlobal
